{
  "name": "ResumeVerifier",
  "lockfileVersion": 3,
  "requires": true,
  "packages": {
    "": {
      "dependencies": {
        "cron": "^4.3.2",
        "node": "^20.19.4"
      }
    },
    "node_modules/@types/luxon": {
      "version": "3.6.2",
      "resolved": "https://registry.npmjs.org/@types/luxon/-/luxon-3.6.2.tgz",
      "integrity": "sha512-R/BdP7OxEMc44l2Ex5lSXHoIXTB2JLNa3y2QISIbr58U/YcsffyQrYW//hZSdrfxrjRZj3GcUoxMPGdO8gSYuw==",
      "license": "MIT"
    },
    "node_modules/cron": {
      "version": "4.3.2",
      "resolved": "https://registry.npmjs.org/cron/-/cron-4.3.2.tgz",
      "integrity": "sha512-JxBBnf5zRz+NhW9XcP16gwUKAKIimy2G0QCCQu8kk5XwM4aCGwMt+nntouAfXF9A57965XzB6hitBlJAz5Ts6w==",
      "license": "MIT",
      "dependencies": {
        "@types/luxon": "~3.6.0",
        "luxon": "~3.7.0"
      },
      "engines": {
        "node": ">=18.x"
      }
    },
    "node_modules/luxon": {
      "version": "3.7.1",
      "resolved": "https://registry.npmjs.org/luxon/-/luxon-3.7.1.tgz",
      "integrity": "sha512-RkRWjA926cTvz5rAb1BqyWkKbbjzCGchDUIKMCUvNi17j6f6j8uHGDV82Aqcqtzd+icoYpELmG3ksgGiFNNcNg==",
      "license": "MIT",
      "engines": {
        "node": ">=12"
      }
    },
    "node_modules/node": {
      "version": "20.19.4",
      "resolved": "https://registry.npmjs.org/node/-/node-20.19.4.tgz",
      "integrity": "sha512-N0Yo0gnnKzDOXYUvR/ewjV/wKu2AFl+4eGs5IbVGjdFGsEtdSAOGc6ATMb3zi/cFHfdCn4eB+b+zOxJF6kvitw==",
      "hasInstallScript": true,
      "license": "ISC",
      "dependencies": {
        "node-bin-setup": "^1.0.0"
      },
      "bin": {
        "node": "bin/node"
      },
      "engines": {
        "npm": ">=5.0.0"
      }
    },
    "node_modules/node-bin-setup": {
      "version": "1.1.4",
      "resolved": "https://registry.npmjs.org/node-bin-setup/-/node-bin-setup-1.1.4.tgz",
      "integrity": "sha512-vWNHOne0ZUavArqPP5LJta50+S8R261Fr5SvGul37HbEDcowvLjwdvd0ZeSr0r2lTSrPxl6okq9QUw8BFGiAxA==",
      "license": "ISC"
    }
  }
}
